// !$*UTF8*$!
{
	archiveVersion = 1;
	classes = {
	};
	objectVersion = 56;
	objects = {

/* Begin PBXBuildFile section */
		7B02AD622BA0222900D5C850 /* MonthPickerView.swift in Sources */ = {isa = PBXBuildFile; fileRef = 7B02AD612BA0222900D5C850 /* MonthPickerView.swift */; };
		7B0A76CE2B904A1200ADC039 /* MoodRecords.xcdatamodeld in Sources */ = {isa = PBXBuildFile; fileRef = 7B0A76CC2B904A1200ADC039 /* MoodRecords.xcdatamodeld */; };
		7B0A76D12B906FE100ADC039 /* CoreDataStack.swift in Sources */ = {isa = PBXBuildFile; fileRef = 7B0A76D02B906FE100ADC039 /* CoreDataStack.swift */; };
		7B0A77112B93196D00ADC039 /* MoodRecordViewModel.swift in Sources */ = {isa = PBXBuildFile; fileRef = 7B0A77102B93196D00ADC039 /* MoodRecordViewModel.swift */; };
		7B0E1BCE2BAD57940060458D /* Localizable.xcstrings in Resources */ = {isa = PBXBuildFile; fileRef = 7B95D1792BA1645C00484F9D /* Localizable.xcstrings */; };
		7B0E1BCF2BAD57A70060458D /* StringExtension.swift in Sources */ = {isa = PBXBuildFile; fileRef = 7B95D17B2BA166AC00484F9D /* StringExtension.swift */; };
		7B0E1BD32BAD6C240060458D /* Assets.xcassets in Resources */ = {isa = PBXBuildFile; fileRef = 7B11F82B2B4549E000346A41 /* Assets.xcassets */; };
		7B11F8282B4549DF00346A41 /* PlantingMindApp.swift in Sources */ = {isa = PBXBuildFile; fileRef = 7B11F8272B4549DF00346A41 /* PlantingMindApp.swift */; };
		7B11F82A2B4549DF00346A41 /* ContentView.swift in Sources */ = {isa = PBXBuildFile; fileRef = 7B11F8292B4549DF00346A41 /* ContentView.swift */; };
		7B11F82C2B4549E000346A41 /* Assets.xcassets in Resources */ = {isa = PBXBuildFile; fileRef = 7B11F82B2B4549E000346A41 /* Assets.xcassets */; };
		7B11F82F2B4549E000346A41 /* Preview Assets.xcassets in Resources */ = {isa = PBXBuildFile; fileRef = 7B11F82E2B4549E000346A41 /* Preview Assets.xcassets */; };
		7B11F8432B4549E000346A41 /* PlantingMindUITests.swift in Sources */ = {isa = PBXBuildFile; fileRef = 7B11F8422B4549E000346A41 /* PlantingMindUITests.swift */; };
		7B11F8452B4549E000346A41 /* PlantingMindUITestsLaunchTests.swift in Sources */ = {isa = PBXBuildFile; fileRef = 7B11F8442B4549E000346A41 /* PlantingMindUITestsLaunchTests.swift */; };
		7B2CFC1B2B5A6DE900641F6D /* DayCellView.swift in Sources */ = {isa = PBXBuildFile; fileRef = 7B2CFC1A2B5A6DE900641F6D /* DayCellView.swift */; };
		7B2CFC1D2B5A6FFB00641F6D /* CalendarGridView.swift in Sources */ = {isa = PBXBuildFile; fileRef = 7B2CFC1C2B5A6FFB00641F6D /* CalendarGridView.swift */; };
		7B34415D2BA1B87A00DA43F6 /* MonthPickerViewModel.swift in Sources */ = {isa = PBXBuildFile; fileRef = 7B34415C2BA1B87A00DA43F6 /* MonthPickerViewModel.swift */; };
		7B34415F2BA1F85600DA43F6 /* MonthPickerViewModelTests.swift in Sources */ = {isa = PBXBuildFile; fileRef = 7B34415E2BA1F85600DA43F6 /* MonthPickerViewModelTests.swift */; };
		7B571B552B95E5DA0019DEB8 /* MoodRecord+CoreDataClass.swift in Sources */ = {isa = PBXBuildFile; fileRef = 7B571B532B95E5DA0019DEB8 /* MoodRecord+CoreDataClass.swift */; };
		7B571B562B95E5DA0019DEB8 /* MoodRecord+CoreDataProperties.swift in Sources */ = {isa = PBXBuildFile; fileRef = 7B571B542B95E5DA0019DEB8 /* MoodRecord+CoreDataProperties.swift */; };
		7B63CA9E2BA9CB4600943DED /* WidgetKit.framework in Frameworks */ = {isa = PBXBuildFile; fileRef = 7B63CA9D2BA9CB4600943DED /* WidgetKit.framework */; };
		7B63CAA02BA9CB4600943DED /* SwiftUI.framework in Frameworks */ = {isa = PBXBuildFile; fileRef = 7B63CA9F2BA9CB4600943DED /* SwiftUI.framework */; };
		7B63CAA32BA9CB4600943DED /* PlantingWidgetBundle.swift in Sources */ = {isa = PBXBuildFile; fileRef = 7B63CAA22BA9CB4600943DED /* PlantingWidgetBundle.swift */; };
		7B63CAA52BA9CB4600943DED /* PlantingWidget.swift in Sources */ = {isa = PBXBuildFile; fileRef = 7B63CAA42BA9CB4600943DED /* PlantingWidget.swift */; };
		7B63CAA72BA9CB4700943DED /* Assets.xcassets in Resources */ = {isa = PBXBuildFile; fileRef = 7B63CAA62BA9CB4700943DED /* Assets.xcassets */; };
		7B63CAAB2BA9CB4700943DED /* PlantingWidgetExtension.appex in Embed Foundation Extensions */ = {isa = PBXBuildFile; fileRef = 7B63CA9B2BA9CB4600943DED /* PlantingWidgetExtension.appex */; settings = {ATTRIBUTES = (RemoveHeadersOnCopy, ); }; };
		7B661C382B6393880082F9DB /* MoodRecordView.swift in Sources */ = {isa = PBXBuildFile; fileRef = 7B661C372B6393880082F9DB /* MoodRecordView.swift */; };
		7B907F732B9981E90050D05B /* DayCellViewModel.swift in Sources */ = {isa = PBXBuildFile; fileRef = 7B907F722B9981E90050D05B /* DayCellViewModel.swift */; };
		7B907F752B9997060050D05B /* DayCellViewModelTest.swift in Sources */ = {isa = PBXBuildFile; fileRef = 7B907F742B9997060050D05B /* DayCellViewModelTest.swift */; };
		7B907F782B9B4CCE0050D05B /* FetchNotificationSpy.swift in Sources */ = {isa = PBXBuildFile; fileRef = 7B907F772B9B4CCE0050D05B /* FetchNotificationSpy.swift */; };
		7B907F7A2B9B4FBE0050D05B /* NoticiationExtension.swift in Sources */ = {isa = PBXBuildFile; fileRef = 7B907F792B9B4FBE0050D05B /* NoticiationExtension.swift */; };
		7B907F7C2B9C6F1B0050D05B /* DateExtension.swift in Sources */ = {isa = PBXBuildFile; fileRef = 7B907F7B2B9C6F1B0050D05B /* DateExtension.swift */; };
		7B95D17A2BA1645C00484F9D /* Localizable.xcstrings in Resources */ = {isa = PBXBuildFile; fileRef = 7B95D1792BA1645C00484F9D /* Localizable.xcstrings */; };
		7B95D17C2BA166AC00484F9D /* StringExtension.swift in Sources */ = {isa = PBXBuildFile; fileRef = 7B95D17B2BA166AC00484F9D /* StringExtension.swift */; };
		7BA079922BAAD660009B5E46 /* MoodRecord+CoreDataProperties.swift in Sources */ = {isa = PBXBuildFile; fileRef = 7B571B542B95E5DA0019DEB8 /* MoodRecord+CoreDataProperties.swift */; };
		7BA079932BAAD662009B5E46 /* MoodRecord+CoreDataClass.swift in Sources */ = {isa = PBXBuildFile; fileRef = 7B571B532B95E5DA0019DEB8 /* MoodRecord+CoreDataClass.swift */; };
		7BA079942BAAD666009B5E46 /* CoreDataStack.swift in Sources */ = {isa = PBXBuildFile; fileRef = 7B0A76D02B906FE100ADC039 /* CoreDataStack.swift */; };
		7BA079952BAAD669009B5E46 /* MoodRecords.xcdatamodeld in Sources */ = {isa = PBXBuildFile; fileRef = 7B0A76CC2B904A1200ADC039 /* MoodRecords.xcdatamodeld */; };
		7BA079962BAAD834009B5E46 /* Mood.swift in Sources */ = {isa = PBXBuildFile; fileRef = 7BAB04F32B9466BC00948CF2 /* Mood.swift */; };
		7BA079972BAAD87A009B5E46 /* ColorExtension.swift in Sources */ = {isa = PBXBuildFile; fileRef = 7BABB0102B5F850200EEEEBB /* ColorExtension.swift */; };
		7BAB04F42B9466BC00948CF2 /* Mood.swift in Sources */ = {isa = PBXBuildFile; fileRef = 7BAB04F32B9466BC00948CF2 /* Mood.swift */; };
		7BAB04F62B946B8700948CF2 /* MoodRecordViewModelTests.swift in Sources */ = {isa = PBXBuildFile; fileRef = 7BAB04F52B946B8700948CF2 /* MoodRecordViewModelTests.swift */; };
		7BABB0112B5F850200EEEEBB /* ColorExtension.swift in Sources */ = {isa = PBXBuildFile; fileRef = 7BABB0102B5F850200EEEEBB /* ColorExtension.swift */; };
		7BC300F22B5E4A3E00059068 /* CalendarViewModel.swift in Sources */ = {isa = PBXBuildFile; fileRef = 7BC300F12B5E4A3E00059068 /* CalendarViewModel.swift */; };
		7BC300F52B5E4CE100059068 /* CalendarView.swift in Sources */ = {isa = PBXBuildFile; fileRef = 7BC300F42B5E4CE100059068 /* CalendarView.swift */; };
		7BC300F72B5E525900059068 /* CalendarModel.swift in Sources */ = {isa = PBXBuildFile; fileRef = 7BC300F62B5E525900059068 /* CalendarModel.swift */; };
		7BC300F92B5E5F8E00059068 /* CalendarViewModelTests.swift in Sources */ = {isa = PBXBuildFile; fileRef = 7BC300F82B5E5F8E00059068 /* CalendarViewModelTests.swift */; };
		7BDA3CD72B58F25F006D74FB /* CalendarHeaderView.swift in Sources */ = {isa = PBXBuildFile; fileRef = 7BDA3CD62B58F25F006D74FB /* CalendarHeaderView.swift */; };
/* End PBXBuildFile section */

/* Begin PBXContainerItemProxy section */
		7B11F8352B4549E000346A41 /* PBXContainerItemProxy */ = {
			isa = PBXContainerItemProxy;
			containerPortal = 7B11F81C2B4549DF00346A41 /* Project object */;
			proxyType = 1;
			remoteGlobalIDString = 7B11F8232B4549DF00346A41;
			remoteInfo = PlantingMind;
		};
		7B11F83F2B4549E000346A41 /* PBXContainerItemProxy */ = {
			isa = PBXContainerItemProxy;
			containerPortal = 7B11F81C2B4549DF00346A41 /* Project object */;
			proxyType = 1;
			remoteGlobalIDString = 7B11F8232B4549DF00346A41;
			remoteInfo = PlantingMind;
		};
		7B63CAA92BA9CB4700943DED /* PBXContainerItemProxy */ = {
			isa = PBXContainerItemProxy;
			containerPortal = 7B11F81C2B4549DF00346A41 /* Project object */;
			proxyType = 1;
			remoteGlobalIDString = 7B63CA9A2BA9CB4600943DED;
			remoteInfo = PlantingWidgetExtension;
		};
/* End PBXContainerItemProxy section */

/* Begin PBXCopyFilesBuildPhase section */
		7B63CAAC2BA9CB4700943DED /* Embed Foundation Extensions */ = {
			isa = PBXCopyFilesBuildPhase;
			buildActionMask = 2147483647;
			dstPath = "";
			dstSubfolderSpec = 13;
			files = (
				7B63CAAB2BA9CB4700943DED /* PlantingWidgetExtension.appex in Embed Foundation Extensions */,
			);
			name = "Embed Foundation Extensions";
			runOnlyForDeploymentPostprocessing = 0;
		};
/* End PBXCopyFilesBuildPhase section */

/* Begin PBXFileReference section */
		7B02AD612BA0222900D5C850 /* MonthPickerView.swift */ = {isa = PBXFileReference; lastKnownFileType = sourcecode.swift; path = MonthPickerView.swift; sourceTree = "<group>"; };
		7B0A76CD2B904A1200ADC039 /* MoodRecords.xcdatamodel */ = {isa = PBXFileReference; lastKnownFileType = wrapper.xcdatamodel; path = MoodRecords.xcdatamodel; sourceTree = "<group>"; };
		7B0A76D02B906FE100ADC039 /* CoreDataStack.swift */ = {isa = PBXFileReference; lastKnownFileType = sourcecode.swift; path = CoreDataStack.swift; sourceTree = "<group>"; };
		7B0A77102B93196D00ADC039 /* MoodRecordViewModel.swift */ = {isa = PBXFileReference; lastKnownFileType = sourcecode.swift; path = MoodRecordViewModel.swift; sourceTree = "<group>"; };
		7B11F8242B4549DF00346A41 /* PlantingMind.app */ = {isa = PBXFileReference; explicitFileType = wrapper.application; includeInIndex = 0; path = PlantingMind.app; sourceTree = BUILT_PRODUCTS_DIR; };
		7B11F8272B4549DF00346A41 /* PlantingMindApp.swift */ = {isa = PBXFileReference; lastKnownFileType = sourcecode.swift; path = PlantingMindApp.swift; sourceTree = "<group>"; };
		7B11F8292B4549DF00346A41 /* ContentView.swift */ = {isa = PBXFileReference; lastKnownFileType = sourcecode.swift; path = ContentView.swift; sourceTree = "<group>"; };
		7B11F82B2B4549E000346A41 /* Assets.xcassets */ = {isa = PBXFileReference; lastKnownFileType = folder.assetcatalog; path = Assets.xcassets; sourceTree = "<group>"; };
		7B11F82E2B4549E000346A41 /* Preview Assets.xcassets */ = {isa = PBXFileReference; lastKnownFileType = folder.assetcatalog; path = "Preview Assets.xcassets"; sourceTree = "<group>"; };
		7B11F8342B4549E000346A41 /* PlantingMindTests.xctest */ = {isa = PBXFileReference; explicitFileType = wrapper.cfbundle; includeInIndex = 0; path = PlantingMindTests.xctest; sourceTree = BUILT_PRODUCTS_DIR; };
		7B11F83E2B4549E000346A41 /* PlantingMindUITests.xctest */ = {isa = PBXFileReference; explicitFileType = wrapper.cfbundle; includeInIndex = 0; path = PlantingMindUITests.xctest; sourceTree = BUILT_PRODUCTS_DIR; };
		7B11F8422B4549E000346A41 /* PlantingMindUITests.swift */ = {isa = PBXFileReference; lastKnownFileType = sourcecode.swift; path = PlantingMindUITests.swift; sourceTree = "<group>"; };
		7B11F8442B4549E000346A41 /* PlantingMindUITestsLaunchTests.swift */ = {isa = PBXFileReference; lastKnownFileType = sourcecode.swift; path = PlantingMindUITestsLaunchTests.swift; sourceTree = "<group>"; };
		7B2CFC1A2B5A6DE900641F6D /* DayCellView.swift */ = {isa = PBXFileReference; lastKnownFileType = sourcecode.swift; path = DayCellView.swift; sourceTree = "<group>"; };
		7B2CFC1C2B5A6FFB00641F6D /* CalendarGridView.swift */ = {isa = PBXFileReference; lastKnownFileType = sourcecode.swift; path = CalendarGridView.swift; sourceTree = "<group>"; };
		7B34415C2BA1B87A00DA43F6 /* MonthPickerViewModel.swift */ = {isa = PBXFileReference; lastKnownFileType = sourcecode.swift; path = MonthPickerViewModel.swift; sourceTree = "<group>"; };
		7B34415E2BA1F85600DA43F6 /* MonthPickerViewModelTests.swift */ = {isa = PBXFileReference; lastKnownFileType = sourcecode.swift; path = MonthPickerViewModelTests.swift; sourceTree = "<group>"; };
		7B571B532B95E5DA0019DEB8 /* MoodRecord+CoreDataClass.swift */ = {isa = PBXFileReference; lastKnownFileType = sourcecode.swift; path = "MoodRecord+CoreDataClass.swift"; sourceTree = "<group>"; };
		7B571B542B95E5DA0019DEB8 /* MoodRecord+CoreDataProperties.swift */ = {isa = PBXFileReference; lastKnownFileType = sourcecode.swift; path = "MoodRecord+CoreDataProperties.swift"; sourceTree = "<group>"; };
		7B63CA9B2BA9CB4600943DED /* PlantingWidgetExtension.appex */ = {isa = PBXFileReference; explicitFileType = "wrapper.app-extension"; includeInIndex = 0; path = PlantingWidgetExtension.appex; sourceTree = BUILT_PRODUCTS_DIR; };
		7B63CA9D2BA9CB4600943DED /* WidgetKit.framework */ = {isa = PBXFileReference; lastKnownFileType = wrapper.framework; name = WidgetKit.framework; path = System/Library/Frameworks/WidgetKit.framework; sourceTree = SDKROOT; };
		7B63CA9F2BA9CB4600943DED /* SwiftUI.framework */ = {isa = PBXFileReference; lastKnownFileType = wrapper.framework; name = SwiftUI.framework; path = System/Library/Frameworks/SwiftUI.framework; sourceTree = SDKROOT; };
		7B63CAA22BA9CB4600943DED /* PlantingWidgetBundle.swift */ = {isa = PBXFileReference; lastKnownFileType = sourcecode.swift; path = PlantingWidgetBundle.swift; sourceTree = "<group>"; };
		7B63CAA42BA9CB4600943DED /* PlantingWidget.swift */ = {isa = PBXFileReference; lastKnownFileType = sourcecode.swift; path = PlantingWidget.swift; sourceTree = "<group>"; };
		7B63CAA62BA9CB4700943DED /* Assets.xcassets */ = {isa = PBXFileReference; lastKnownFileType = folder.assetcatalog; path = Assets.xcassets; sourceTree = "<group>"; };
		7B63CAA82BA9CB4700943DED /* Info.plist */ = {isa = PBXFileReference; lastKnownFileType = text.plist.xml; path = Info.plist; sourceTree = "<group>"; };
		7B661C372B6393880082F9DB /* MoodRecordView.swift */ = {isa = PBXFileReference; lastKnownFileType = sourcecode.swift; path = MoodRecordView.swift; sourceTree = "<group>"; };
		7B715EDB2BAC734400B4F720 /* PlantingMind.xctestplan */ = {isa = PBXFileReference; lastKnownFileType = text; path = PlantingMind.xctestplan; sourceTree = "<group>"; };
		7B907F722B9981E90050D05B /* DayCellViewModel.swift */ = {isa = PBXFileReference; lastKnownFileType = sourcecode.swift; path = DayCellViewModel.swift; sourceTree = "<group>"; };
		7B907F742B9997060050D05B /* DayCellViewModelTest.swift */ = {isa = PBXFileReference; lastKnownFileType = sourcecode.swift; path = DayCellViewModelTest.swift; sourceTree = "<group>"; };
		7B907F772B9B4CCE0050D05B /* FetchNotificationSpy.swift */ = {isa = PBXFileReference; lastKnownFileType = sourcecode.swift; path = FetchNotificationSpy.swift; sourceTree = "<group>"; };
		7B907F792B9B4FBE0050D05B /* NoticiationExtension.swift */ = {isa = PBXFileReference; lastKnownFileType = sourcecode.swift; path = NoticiationExtension.swift; sourceTree = "<group>"; };
		7B907F7B2B9C6F1B0050D05B /* DateExtension.swift */ = {isa = PBXFileReference; lastKnownFileType = sourcecode.swift; path = DateExtension.swift; sourceTree = "<group>"; };
		7B95D1792BA1645C00484F9D /* Localizable.xcstrings */ = {isa = PBXFileReference; lastKnownFileType = text.json.xcstrings; path = Localizable.xcstrings; sourceTree = "<group>"; };
		7B95D17B2BA166AC00484F9D /* StringExtension.swift */ = {isa = PBXFileReference; lastKnownFileType = sourcecode.swift; path = StringExtension.swift; sourceTree = "<group>"; };
		7BA079902BAAD5CB009B5E46 /* PlantingMind.entitlements */ = {isa = PBXFileReference; lastKnownFileType = text.plist.entitlements; path = PlantingMind.entitlements; sourceTree = "<group>"; };
		7BA079912BAAD5EA009B5E46 /* PlantingWidgetExtension.entitlements */ = {isa = PBXFileReference; lastKnownFileType = text.plist.entitlements; path = PlantingWidgetExtension.entitlements; sourceTree = "<group>"; };
		7BAB04F32B9466BC00948CF2 /* Mood.swift */ = {isa = PBXFileReference; lastKnownFileType = sourcecode.swift; path = Mood.swift; sourceTree = "<group>"; };
		7BAB04F52B946B8700948CF2 /* MoodRecordViewModelTests.swift */ = {isa = PBXFileReference; lastKnownFileType = sourcecode.swift; path = MoodRecordViewModelTests.swift; sourceTree = "<group>"; };
		7BABB0102B5F850200EEEEBB /* ColorExtension.swift */ = {isa = PBXFileReference; lastKnownFileType = sourcecode.swift; path = ColorExtension.swift; sourceTree = "<group>"; };
		7BC300F12B5E4A3E00059068 /* CalendarViewModel.swift */ = {isa = PBXFileReference; lastKnownFileType = sourcecode.swift; path = CalendarViewModel.swift; sourceTree = "<group>"; };
		7BC300F42B5E4CE100059068 /* CalendarView.swift */ = {isa = PBXFileReference; lastKnownFileType = sourcecode.swift; path = CalendarView.swift; sourceTree = "<group>"; };
		7BC300F62B5E525900059068 /* CalendarModel.swift */ = {isa = PBXFileReference; lastKnownFileType = sourcecode.swift; path = CalendarModel.swift; sourceTree = "<group>"; };
		7BC300F82B5E5F8E00059068 /* CalendarViewModelTests.swift */ = {isa = PBXFileReference; lastKnownFileType = sourcecode.swift; path = CalendarViewModelTests.swift; sourceTree = "<group>"; };
		7BDA3CD62B58F25F006D74FB /* CalendarHeaderView.swift */ = {isa = PBXFileReference; lastKnownFileType = sourcecode.swift; path = CalendarHeaderView.swift; sourceTree = "<group>"; };
/* End PBXFileReference section */

/* Begin PBXFrameworksBuildPhase section */
		7B11F8212B4549DF00346A41 /* Frameworks */ = {
			isa = PBXFrameworksBuildPhase;
			buildActionMask = 2147483647;
			files = (
			);
			runOnlyForDeploymentPostprocessing = 0;
		};
		7B11F8312B4549E000346A41 /* Frameworks */ = {
			isa = PBXFrameworksBuildPhase;
			buildActionMask = 2147483647;
			files = (
			);
			runOnlyForDeploymentPostprocessing = 0;
		};
		7B11F83B2B4549E000346A41 /* Frameworks */ = {
			isa = PBXFrameworksBuildPhase;
			buildActionMask = 2147483647;
			files = (
			);
			runOnlyForDeploymentPostprocessing = 0;
		};
		7B63CA982BA9CB4600943DED /* Frameworks */ = {
			isa = PBXFrameworksBuildPhase;
			buildActionMask = 2147483647;
			files = (
				7B63CAA02BA9CB4600943DED /* SwiftUI.framework in Frameworks */,
				7B63CA9E2BA9CB4600943DED /* WidgetKit.framework in Frameworks */,
			);
			runOnlyForDeploymentPostprocessing = 0;
		};
/* End PBXFrameworksBuildPhase section */

/* Begin PBXGroup section */
		7B0A76CF2B906FCF00ADC039 /* CoreData */ = {
			isa = PBXGroup;
			children = (
				7B0A76CC2B904A1200ADC039 /* MoodRecords.xcdatamodeld */,
				7B0A76D02B906FE100ADC039 /* CoreDataStack.swift */,
				7B571B532B95E5DA0019DEB8 /* MoodRecord+CoreDataClass.swift */,
				7B571B542B95E5DA0019DEB8 /* MoodRecord+CoreDataProperties.swift */,
			);
			path = CoreData;
			sourceTree = "<group>";
		};
		7B0A76D22B92DA3200ADC039 /* MoodRecord */ = {
			isa = PBXGroup;
			children = (
				7BAB04F32B9466BC00948CF2 /* Mood.swift */,
				7B661C372B6393880082F9DB /* MoodRecordView.swift */,
				7B0A77102B93196D00ADC039 /* MoodRecordViewModel.swift */,
			);
			path = MoodRecord;
			sourceTree = "<group>";
		};
		7B11F81B2B4549DF00346A41 = {
			isa = PBXGroup;
			children = (
				7B715EDB2BAC734400B4F720 /* PlantingMind.xctestplan */,
				7BA079912BAAD5EA009B5E46 /* PlantingWidgetExtension.entitlements */,
				7B11F8262B4549DF00346A41 /* PlantingMind */,
				7B63CAA12BA9CB4600943DED /* PlantingWidget */,
				7B11F8372B4549E000346A41 /* PlantingMindTests */,
				7B11F8412B4549E000346A41 /* PlantingMindUITests */,
				7B63CA9C2BA9CB4600943DED /* Frameworks */,
				7B11F8252B4549DF00346A41 /* Products */,
			);
			sourceTree = "<group>";
		};
		7B11F8252B4549DF00346A41 /* Products */ = {
			isa = PBXGroup;
			children = (
				7B11F8242B4549DF00346A41 /* PlantingMind.app */,
				7B11F8342B4549E000346A41 /* PlantingMindTests.xctest */,
				7B11F83E2B4549E000346A41 /* PlantingMindUITests.xctest */,
				7B63CA9B2BA9CB4600943DED /* PlantingWidgetExtension.appex */,
			);
			name = Products;
			sourceTree = "<group>";
		};
		7B11F8262B4549DF00346A41 /* PlantingMind */ = {
			isa = PBXGroup;
			children = (
				7BA079902BAAD5CB009B5E46 /* PlantingMind.entitlements */,
				7B11F8272B4549DF00346A41 /* PlantingMindApp.swift */,
				7B11F8292B4549DF00346A41 /* ContentView.swift */,
				7BABB0102B5F850200EEEEBB /* ColorExtension.swift */,
				7B907F792B9B4FBE0050D05B /* NoticiationExtension.swift */,
				7B907F7B2B9C6F1B0050D05B /* DateExtension.swift */,
				7B95D17B2BA166AC00484F9D /* StringExtension.swift */,
				7BC300F32B5E4C2100059068 /* Calender */,
				7B0A76D22B92DA3200ADC039 /* MoodRecord */,
				7B0A76CF2B906FCF00ADC039 /* CoreData */,
				7B95D1762BA1627500484F9D /* Localization */,
				7B11F82D2B4549E000346A41 /* Preview Content */,
				7B11F82B2B4549E000346A41 /* Assets.xcassets */,
			);
			path = PlantingMind;
			sourceTree = "<group>";
		};
		7B11F82D2B4549E000346A41 /* Preview Content */ = {
			isa = PBXGroup;
			children = (
				7B11F82E2B4549E000346A41 /* Preview Assets.xcassets */,
			);
			path = "Preview Content";
			sourceTree = "<group>";
		};
		7B11F8372B4549E000346A41 /* PlantingMindTests */ = {
			isa = PBXGroup;
			children = (
				7BC300F82B5E5F8E00059068 /* CalendarViewModelTests.swift */,
				7BAB04F52B946B8700948CF2 /* MoodRecordViewModelTests.swift */,
				7B907F742B9997060050D05B /* DayCellViewModelTest.swift */,
				7B907F772B9B4CCE0050D05B /* FetchNotificationSpy.swift */,
				7B34415E2BA1F85600DA43F6 /* MonthPickerViewModelTests.swift */,
			);
			path = PlantingMindTests;
			sourceTree = "<group>";
		};
		7B11F8412B4549E000346A41 /* PlantingMindUITests */ = {
			isa = PBXGroup;
			children = (
				7B11F8422B4549E000346A41 /* PlantingMindUITests.swift */,
				7B11F8442B4549E000346A41 /* PlantingMindUITestsLaunchTests.swift */,
			);
			path = PlantingMindUITests;
			sourceTree = "<group>";
		};
		7B3441582BA1903300DA43F6 /* Day */ = {
			isa = PBXGroup;
			children = (
				7B907F722B9981E90050D05B /* DayCellViewModel.swift */,
				7B2CFC1A2B5A6DE900641F6D /* DayCellView.swift */,
			);
			path = Day;
			sourceTree = "<group>";
		};
		7B3441592BA190AE00DA43F6 /* Picker */ = {
			isa = PBXGroup;
			children = (
				7B02AD612BA0222900D5C850 /* MonthPickerView.swift */,
				7B34415C2BA1B87A00DA43F6 /* MonthPickerViewModel.swift */,
			);
			path = Picker;
			sourceTree = "<group>";
		};
		7B63CA9C2BA9CB4600943DED /* Frameworks */ = {
			isa = PBXGroup;
			children = (
				7B63CA9D2BA9CB4600943DED /* WidgetKit.framework */,
				7B63CA9F2BA9CB4600943DED /* SwiftUI.framework */,
			);
			name = Frameworks;
			sourceTree = "<group>";
		};
		7B63CAA12BA9CB4600943DED /* PlantingWidget */ = {
			isa = PBXGroup;
			children = (
				7B63CAA22BA9CB4600943DED /* PlantingWidgetBundle.swift */,
				7B63CAA42BA9CB4600943DED /* PlantingWidget.swift */,
				7B63CAA62BA9CB4700943DED /* Assets.xcassets */,
				7B63CAA82BA9CB4700943DED /* Info.plist */,
			);
			path = PlantingWidget;
			sourceTree = "<group>";
		};
		7B95D1762BA1627500484F9D /* Localization */ = {
			isa = PBXGroup;
			children = (
				7B95D1792BA1645C00484F9D /* Localizable.xcstrings */,
			);
			path = Localization;
			sourceTree = "<group>";
		};
		7BC300F32B5E4C2100059068 /* Calender */ = {
			isa = PBXGroup;
			children = (
				7BC300F62B5E525900059068 /* CalendarModel.swift */,
				7BC300F12B5E4A3E00059068 /* CalendarViewModel.swift */,
				7BC300F42B5E4CE100059068 /* CalendarView.swift */,
				7BDA3CD62B58F25F006D74FB /* CalendarHeaderView.swift */,
				7B2CFC1C2B5A6FFB00641F6D /* CalendarGridView.swift */,
				7B3441582BA1903300DA43F6 /* Day */,
				7B3441592BA190AE00DA43F6 /* Picker */,
			);
			path = Calender;
			sourceTree = "<group>";
		};
/* End PBXGroup section */

/* Begin PBXNativeTarget section */
		7B11F8232B4549DF00346A41 /* PlantingMind */ = {
			isa = PBXNativeTarget;
			buildConfigurationList = 7B11F8482B4549E000346A41 /* Build configuration list for PBXNativeTarget "PlantingMind" */;
			buildPhases = (
				7B11F8202B4549DF00346A41 /* Sources */,
				7B11F8212B4549DF00346A41 /* Frameworks */,
				7B11F8222B4549DF00346A41 /* Resources */,
				7B63CAAC2BA9CB4700943DED /* Embed Foundation Extensions */,
			);
			buildRules = (
			);
			dependencies = (
				7B63CAAA2BA9CB4700943DED /* PBXTargetDependency */,
			);
			name = PlantingMind;
			productName = PlantingMind;
			productReference = 7B11F8242B4549DF00346A41 /* PlantingMind.app */;
			productType = "com.apple.product-type.application";
		};
		7B11F8332B4549E000346A41 /* PlantingMindTests */ = {
			isa = PBXNativeTarget;
			buildConfigurationList = 7B11F84B2B4549E000346A41 /* Build configuration list for PBXNativeTarget "PlantingMindTests" */;
			buildPhases = (
				7B11F8302B4549E000346A41 /* Sources */,
				7B11F8312B4549E000346A41 /* Frameworks */,
				7B11F8322B4549E000346A41 /* Resources */,
			);
			buildRules = (
			);
			dependencies = (
				7B11F8362B4549E000346A41 /* PBXTargetDependency */,
			);
			name = PlantingMindTests;
			productName = PlantingMindTests;
			productReference = 7B11F8342B4549E000346A41 /* PlantingMindTests.xctest */;
			productType = "com.apple.product-type.bundle.unit-test";
		};
		7B11F83D2B4549E000346A41 /* PlantingMindUITests */ = {
			isa = PBXNativeTarget;
			buildConfigurationList = 7B11F84E2B4549E000346A41 /* Build configuration list for PBXNativeTarget "PlantingMindUITests" */;
			buildPhases = (
				7B11F83A2B4549E000346A41 /* Sources */,
				7B11F83B2B4549E000346A41 /* Frameworks */,
				7B11F83C2B4549E000346A41 /* Resources */,
			);
			buildRules = (
			);
			dependencies = (
				7B11F8402B4549E000346A41 /* PBXTargetDependency */,
			);
			name = PlantingMindUITests;
			productName = PlantingMindUITests;
			productReference = 7B11F83E2B4549E000346A41 /* PlantingMindUITests.xctest */;
			productType = "com.apple.product-type.bundle.ui-testing";
		};
		7B63CA9A2BA9CB4600943DED /* PlantingWidgetExtension */ = {
			isa = PBXNativeTarget;
			buildConfigurationList = 7B63CAAF2BA9CB4700943DED /* Build configuration list for PBXNativeTarget "PlantingWidgetExtension" */;
			buildPhases = (
				7B63CA972BA9CB4600943DED /* Sources */,
				7B63CA982BA9CB4600943DED /* Frameworks */,
				7B63CA992BA9CB4600943DED /* Resources */,
			);
			buildRules = (
			);
			dependencies = (
			);
			name = PlantingWidgetExtension;
			productName = PlantingWidgetExtension;
			productReference = 7B63CA9B2BA9CB4600943DED /* PlantingWidgetExtension.appex */;
			productType = "com.apple.product-type.app-extension";
		};
/* End PBXNativeTarget section */

/* Begin PBXProject section */
		7B11F81C2B4549DF00346A41 /* Project object */ = {
			isa = PBXProject;
			attributes = {
				BuildIndependentTargetsInParallel = 1;
				LastSwiftUpdateCheck = 1500;
				LastUpgradeCheck = 1500;
				TargetAttributes = {
					7B11F8232B4549DF00346A41 = {
						CreatedOnToolsVersion = 15.0.1;
					};
					7B11F8332B4549E000346A41 = {
						CreatedOnToolsVersion = 15.0.1;
						TestTargetID = 7B11F8232B4549DF00346A41;
					};
					7B11F83D2B4549E000346A41 = {
						CreatedOnToolsVersion = 15.0.1;
						TestTargetID = 7B11F8232B4549DF00346A41;
					};
					7B63CA9A2BA9CB4600943DED = {
						CreatedOnToolsVersion = 15.0.1;
					};
				};
			};
			buildConfigurationList = 7B11F81F2B4549DF00346A41 /* Build configuration list for PBXProject "PlantingMind" */;
			compatibilityVersion = "Xcode 14.0";
			developmentRegion = en;
			hasScannedForEncodings = 0;
			knownRegions = (
				en,
				Base,
				ko,
			);
			mainGroup = 7B11F81B2B4549DF00346A41;
			productRefGroup = 7B11F8252B4549DF00346A41 /* Products */;
			projectDirPath = "";
			projectRoot = "";
			targets = (
				7B11F8232B4549DF00346A41 /* PlantingMind */,
				7B11F8332B4549E000346A41 /* PlantingMindTests */,
				7B11F83D2B4549E000346A41 /* PlantingMindUITests */,
				7B63CA9A2BA9CB4600943DED /* PlantingWidgetExtension */,
			);
		};
/* End PBXProject section */

/* Begin PBXResourcesBuildPhase section */
		7B11F8222B4549DF00346A41 /* Resources */ = {
			isa = PBXResourcesBuildPhase;
			buildActionMask = 2147483647;
			files = (
				7B11F82F2B4549E000346A41 /* Preview Assets.xcassets in Resources */,
				7B11F82C2B4549E000346A41 /* Assets.xcassets in Resources */,
				7B95D17A2BA1645C00484F9D /* Localizable.xcstrings in Resources */,
			);
			runOnlyForDeploymentPostprocessing = 0;
		};
		7B11F8322B4549E000346A41 /* Resources */ = {
			isa = PBXResourcesBuildPhase;
			buildActionMask = 2147483647;
			files = (
			);
			runOnlyForDeploymentPostprocessing = 0;
		};
		7B11F83C2B4549E000346A41 /* Resources */ = {
			isa = PBXResourcesBuildPhase;
			buildActionMask = 2147483647;
			files = (
			);
			runOnlyForDeploymentPostprocessing = 0;
		};
		7B63CA992BA9CB4600943DED /* Resources */ = {
			isa = PBXResourcesBuildPhase;
			buildActionMask = 2147483647;
			files = (
				7B0E1BCE2BAD57940060458D /* Localizable.xcstrings in Resources */,
				7B0E1BD32BAD6C240060458D /* Assets.xcassets in Resources */,
				7B63CAA72BA9CB4700943DED /* Assets.xcassets in Resources */,
			);
			runOnlyForDeploymentPostprocessing = 0;
		};
/* End PBXResourcesBuildPhase section */

/* Begin PBXSourcesBuildPhase section */
		7B11F8202B4549DF00346A41 /* Sources */ = {
			isa = PBXSourcesBuildPhase;
			buildActionMask = 2147483647;
			files = (
				7B11F82A2B4549DF00346A41 /* ContentView.swift in Sources */,
				7BC300F72B5E525900059068 /* CalendarModel.swift in Sources */,
				7BC300F22B5E4A3E00059068 /* CalendarViewModel.swift in Sources */,
				7B95D17C2BA166AC00484F9D /* StringExtension.swift in Sources */,
				7B571B562B95E5DA0019DEB8 /* MoodRecord+CoreDataProperties.swift in Sources */,
				7B0A76D12B906FE100ADC039 /* CoreDataStack.swift in Sources */,
				7B907F7C2B9C6F1B0050D05B /* DateExtension.swift in Sources */,
				7B02AD622BA0222900D5C850 /* MonthPickerView.swift in Sources */,
				7BABB0112B5F850200EEEEBB /* ColorExtension.swift in Sources */,
				7B0A77112B93196D00ADC039 /* MoodRecordViewModel.swift in Sources */,
				7B0A76CE2B904A1200ADC039 /* MoodRecords.xcdatamodeld in Sources */,
				7BC300F52B5E4CE100059068 /* CalendarView.swift in Sources */,
				7B2CFC1D2B5A6FFB00641F6D /* CalendarGridView.swift in Sources */,
				7B661C382B6393880082F9DB /* MoodRecordView.swift in Sources */,
				7B907F7A2B9B4FBE0050D05B /* NoticiationExtension.swift in Sources */,
				7B34415D2BA1B87A00DA43F6 /* MonthPickerViewModel.swift in Sources */,
				7BAB04F42B9466BC00948CF2 /* Mood.swift in Sources */,
				7B2CFC1B2B5A6DE900641F6D /* DayCellView.swift in Sources */,
				7BDA3CD72B58F25F006D74FB /* CalendarHeaderView.swift in Sources */,
				7B907F732B9981E90050D05B /* DayCellViewModel.swift in Sources */,
				7B571B552B95E5DA0019DEB8 /* MoodRecord+CoreDataClass.swift in Sources */,
				7B11F8282B4549DF00346A41 /* PlantingMindApp.swift in Sources */,
			);
			runOnlyForDeploymentPostprocessing = 0;
		};
		7B11F8302B4549E000346A41 /* Sources */ = {
			isa = PBXSourcesBuildPhase;
			buildActionMask = 2147483647;
			files = (
				7BAB04F62B946B8700948CF2 /* MoodRecordViewModelTests.swift in Sources */,
				7B34415F2BA1F85600DA43F6 /* MonthPickerViewModelTests.swift in Sources */,
				7B907F782B9B4CCE0050D05B /* FetchNotificationSpy.swift in Sources */,
				7B907F752B9997060050D05B /* DayCellViewModelTest.swift in Sources */,
				7BC300F92B5E5F8E00059068 /* CalendarViewModelTests.swift in Sources */,
			);
			runOnlyForDeploymentPostprocessing = 0;
		};
		7B11F83A2B4549E000346A41 /* Sources */ = {
			isa = PBXSourcesBuildPhase;
			buildActionMask = 2147483647;
			files = (
				7B11F8432B4549E000346A41 /* PlantingMindUITests.swift in Sources */,
				7B11F8452B4549E000346A41 /* PlantingMindUITestsLaunchTests.swift in Sources */,
			);
			runOnlyForDeploymentPostprocessing = 0;
		};
		7B63CA972BA9CB4600943DED /* Sources */ = {
			isa = PBXSourcesBuildPhase;
			buildActionMask = 2147483647;
			files = (
				7BA079942BAAD666009B5E46 /* CoreDataStack.swift in Sources */,
				7BA079922BAAD660009B5E46 /* MoodRecord+CoreDataProperties.swift in Sources */,
				7B63CAA52BA9CB4600943DED /* PlantingWidget.swift in Sources */,
				7BA079972BAAD87A009B5E46 /* ColorExtension.swift in Sources */,
				7BA079962BAAD834009B5E46 /* Mood.swift in Sources */,
				7B0E1BCF2BAD57A70060458D /* StringExtension.swift in Sources */,
				7BA079952BAAD669009B5E46 /* MoodRecords.xcdatamodeld in Sources */,
				7B63CAA32BA9CB4600943DED /* PlantingWidgetBundle.swift in Sources */,
				7BA079932BAAD662009B5E46 /* MoodRecord+CoreDataClass.swift in Sources */,
			);
			runOnlyForDeploymentPostprocessing = 0;
		};
/* End PBXSourcesBuildPhase section */

/* Begin PBXTargetDependency section */
		7B11F8362B4549E000346A41 /* PBXTargetDependency */ = {
			isa = PBXTargetDependency;
			target = 7B11F8232B4549DF00346A41 /* PlantingMind */;
			targetProxy = 7B11F8352B4549E000346A41 /* PBXContainerItemProxy */;
		};
		7B11F8402B4549E000346A41 /* PBXTargetDependency */ = {
			isa = PBXTargetDependency;
			target = 7B11F8232B4549DF00346A41 /* PlantingMind */;
			targetProxy = 7B11F83F2B4549E000346A41 /* PBXContainerItemProxy */;
		};
		7B63CAAA2BA9CB4700943DED /* PBXTargetDependency */ = {
			isa = PBXTargetDependency;
			target = 7B63CA9A2BA9CB4600943DED /* PlantingWidgetExtension */;
			targetProxy = 7B63CAA92BA9CB4700943DED /* PBXContainerItemProxy */;
		};
/* End PBXTargetDependency section */

/* Begin XCBuildConfiguration section */
		7B11F8462B4549E000346A41 /* Debug */ = {
			isa = XCBuildConfiguration;
			buildSettings = {
				ALWAYS_SEARCH_USER_PATHS = NO;
				ASSETCATALOG_COMPILER_GENERATE_SWIFT_ASSET_SYMBOL_EXTENSIONS = YES;
				CLANG_ANALYZER_NONNULL = YES;
				CLANG_ANALYZER_NUMBER_OBJECT_CONVERSION = YES_AGGRESSIVE;
				CLANG_CXX_LANGUAGE_STANDARD = "gnu++20";
				CLANG_ENABLE_MODULES = YES;
				CLANG_ENABLE_OBJC_ARC = YES;
				CLANG_ENABLE_OBJC_WEAK = YES;
				CLANG_WARN_BLOCK_CAPTURE_AUTORELEASING = YES;
				CLANG_WARN_BOOL_CONVERSION = YES;
				CLANG_WARN_COMMA = YES;
				CLANG_WARN_CONSTANT_CONVERSION = YES;
				CLANG_WARN_DEPRECATED_OBJC_IMPLEMENTATIONS = YES;
				CLANG_WARN_DIRECT_OBJC_ISA_USAGE = YES_ERROR;
				CLANG_WARN_DOCUMENTATION_COMMENTS = YES;
				CLANG_WARN_EMPTY_BODY = YES;
				CLANG_WARN_ENUM_CONVERSION = YES;
				CLANG_WARN_INFINITE_RECURSION = YES;
				CLANG_WARN_INT_CONVERSION = YES;
				CLANG_WARN_NON_LITERAL_NULL_CONVERSION = YES;
				CLANG_WARN_OBJC_IMPLICIT_RETAIN_SELF = YES;
				CLANG_WARN_OBJC_LITERAL_CONVERSION = YES;
				CLANG_WARN_OBJC_ROOT_CLASS = YES_ERROR;
				CLANG_WARN_QUOTED_INCLUDE_IN_FRAMEWORK_HEADER = YES;
				CLANG_WARN_RANGE_LOOP_ANALYSIS = YES;
				CLANG_WARN_STRICT_PROTOTYPES = YES;
				CLANG_WARN_SUSPICIOUS_MOVE = YES;
				CLANG_WARN_UNGUARDED_AVAILABILITY = YES_AGGRESSIVE;
				CLANG_WARN_UNREACHABLE_CODE = YES;
				CLANG_WARN__DUPLICATE_METHOD_MATCH = YES;
				COPY_PHASE_STRIP = NO;
				DEBUG_INFORMATION_FORMAT = dwarf;
				ENABLE_STRICT_OBJC_MSGSEND = YES;
				ENABLE_TESTABILITY = YES;
				ENABLE_USER_SCRIPT_SANDBOXING = YES;
				GCC_C_LANGUAGE_STANDARD = gnu17;
				GCC_DYNAMIC_NO_PIC = NO;
				GCC_NO_COMMON_BLOCKS = YES;
				GCC_OPTIMIZATION_LEVEL = 0;
				GCC_PREPROCESSOR_DEFINITIONS = (
					"DEBUG=1",
					"$(inherited)",
				);
				GCC_WARN_64_TO_32_BIT_CONVERSION = YES;
				GCC_WARN_ABOUT_RETURN_TYPE = YES_ERROR;
				GCC_WARN_UNDECLARED_SELECTOR = YES;
				GCC_WARN_UNINITIALIZED_AUTOS = YES_AGGRESSIVE;
				GCC_WARN_UNUSED_FUNCTION = YES;
				GCC_WARN_UNUSED_VARIABLE = YES;
				IPHONEOS_DEPLOYMENT_TARGET = 16.0;
				LOCALIZATION_PREFERS_STRING_CATALOGS = YES;
				MTL_ENABLE_DEBUG_INFO = INCLUDE_SOURCE;
				MTL_FAST_MATH = YES;
				ONLY_ACTIVE_ARCH = YES;
				SDKROOT = iphoneos;
				SWIFT_ACTIVE_COMPILATION_CONDITIONS = "DEBUG $(inherited)";
				SWIFT_OPTIMIZATION_LEVEL = "-Onone";
			};
			name = Debug;
		};
		7B11F8472B4549E000346A41 /* Release */ = {
			isa = XCBuildConfiguration;
			buildSettings = {
				ALWAYS_SEARCH_USER_PATHS = NO;
				ASSETCATALOG_COMPILER_GENERATE_SWIFT_ASSET_SYMBOL_EXTENSIONS = YES;
				CLANG_ANALYZER_NONNULL = YES;
				CLANG_ANALYZER_NUMBER_OBJECT_CONVERSION = YES_AGGRESSIVE;
				CLANG_CXX_LANGUAGE_STANDARD = "gnu++20";
				CLANG_ENABLE_MODULES = YES;
				CLANG_ENABLE_OBJC_ARC = YES;
				CLANG_ENABLE_OBJC_WEAK = YES;
				CLANG_WARN_BLOCK_CAPTURE_AUTORELEASING = YES;
				CLANG_WARN_BOOL_CONVERSION = YES;
				CLANG_WARN_COMMA = YES;
				CLANG_WARN_CONSTANT_CONVERSION = YES;
				CLANG_WARN_DEPRECATED_OBJC_IMPLEMENTATIONS = YES;
				CLANG_WARN_DIRECT_OBJC_ISA_USAGE = YES_ERROR;
				CLANG_WARN_DOCUMENTATION_COMMENTS = YES;
				CLANG_WARN_EMPTY_BODY = YES;
				CLANG_WARN_ENUM_CONVERSION = YES;
				CLANG_WARN_INFINITE_RECURSION = YES;
				CLANG_WARN_INT_CONVERSION = YES;
				CLANG_WARN_NON_LITERAL_NULL_CONVERSION = YES;
				CLANG_WARN_OBJC_IMPLICIT_RETAIN_SELF = YES;
				CLANG_WARN_OBJC_LITERAL_CONVERSION = YES;
				CLANG_WARN_OBJC_ROOT_CLASS = YES_ERROR;
				CLANG_WARN_QUOTED_INCLUDE_IN_FRAMEWORK_HEADER = YES;
				CLANG_WARN_RANGE_LOOP_ANALYSIS = YES;
				CLANG_WARN_STRICT_PROTOTYPES = YES;
				CLANG_WARN_SUSPICIOUS_MOVE = YES;
				CLANG_WARN_UNGUARDED_AVAILABILITY = YES_AGGRESSIVE;
				CLANG_WARN_UNREACHABLE_CODE = YES;
				CLANG_WARN__DUPLICATE_METHOD_MATCH = YES;
				COPY_PHASE_STRIP = NO;
				DEBUG_INFORMATION_FORMAT = "dwarf-with-dsym";
				ENABLE_NS_ASSERTIONS = NO;
				ENABLE_STRICT_OBJC_MSGSEND = YES;
				ENABLE_USER_SCRIPT_SANDBOXING = YES;
				GCC_C_LANGUAGE_STANDARD = gnu17;
				GCC_NO_COMMON_BLOCKS = YES;
				GCC_WARN_64_TO_32_BIT_CONVERSION = YES;
				GCC_WARN_ABOUT_RETURN_TYPE = YES_ERROR;
				GCC_WARN_UNDECLARED_SELECTOR = YES;
				GCC_WARN_UNINITIALIZED_AUTOS = YES_AGGRESSIVE;
				GCC_WARN_UNUSED_FUNCTION = YES;
				GCC_WARN_UNUSED_VARIABLE = YES;
				IPHONEOS_DEPLOYMENT_TARGET = 16.0;
				LOCALIZATION_PREFERS_STRING_CATALOGS = YES;
				MTL_ENABLE_DEBUG_INFO = NO;
				MTL_FAST_MATH = YES;
				SDKROOT = iphoneos;
				SWIFT_COMPILATION_MODE = wholemodule;
				VALIDATE_PRODUCT = YES;
			};
			name = Release;
		};
		7B11F8492B4549E000346A41 /* Debug */ = {
			isa = XCBuildConfiguration;
			buildSettings = {
				ALWAYS_EMBED_SWIFT_STANDARD_LIBRARIES = YES;
				ASSETCATALOG_COMPILER_APPICON_NAME = AppIcon;
				ASSETCATALOG_COMPILER_GLOBAL_ACCENT_COLOR_NAME = AccentColor;
				CODE_SIGN_ENTITLEMENTS = PlantingMind/PlantingMind.entitlements;
				CODE_SIGN_STYLE = Automatic;
				CURRENT_PROJECT_VERSION = 1;
				DEVELOPMENT_ASSET_PATHS = "\"PlantingMind/Preview Content\"";
				DEVELOPMENT_TEAM = PS5XYD2TU9;
				ENABLE_PREVIEWS = YES;
				GENERATE_INFOPLIST_FILE = YES;
				INFOPLIST_KEY_UIApplicationSceneManifest_Generation = YES;
				INFOPLIST_KEY_UIApplicationSupportsIndirectInputEvents = YES;
				INFOPLIST_KEY_UILaunchScreen_Generation = YES;
				INFOPLIST_KEY_UISupportedInterfaceOrientations = UIInterfaceOrientationPortrait;
				IPHONEOS_DEPLOYMENT_TARGET = 16.0;
				LD_RUNPATH_SEARCH_PATHS = (
					"$(inherited)",
					"@executable_path/Frameworks",
				);
				MARKETING_VERSION = 1.0;
				PRODUCT_BUNDLE_IDENTIFIER = "com.eunjoo.planting-mind.PlantingMind";
				PRODUCT_NAME = "$(TARGET_NAME)";
				SUPPORTED_PLATFORMS = "iphoneos iphonesimulator";
				SUPPORTS_MACCATALYST = NO;
				SUPPORTS_MAC_DESIGNED_FOR_IPHONE_IPAD = NO;
				SWIFT_EMIT_LOC_STRINGS = YES;
				SWIFT_VERSION = 5.0;
				TARGETED_DEVICE_FAMILY = 1;
			};
			name = Debug;
		};
		7B11F84A2B4549E000346A41 /* Release */ = {
			isa = XCBuildConfiguration;
			buildSettings = {
				ALWAYS_EMBED_SWIFT_STANDARD_LIBRARIES = YES;
				ASSETCATALOG_COMPILER_APPICON_NAME = AppIcon;
				ASSETCATALOG_COMPILER_GLOBAL_ACCENT_COLOR_NAME = AccentColor;
				CODE_SIGN_ENTITLEMENTS = PlantingMind/PlantingMind.entitlements;
				CODE_SIGN_STYLE = Automatic;
				CURRENT_PROJECT_VERSION = 1;
				DEVELOPMENT_ASSET_PATHS = "\"PlantingMind/Preview Content\"";
				DEVELOPMENT_TEAM = PS5XYD2TU9;
				ENABLE_PREVIEWS = YES;
				GENERATE_INFOPLIST_FILE = YES;
				INFOPLIST_KEY_UIApplicationSceneManifest_Generation = YES;
				INFOPLIST_KEY_UIApplicationSupportsIndirectInputEvents = YES;
				INFOPLIST_KEY_UILaunchScreen_Generation = YES;
				INFOPLIST_KEY_UISupportedInterfaceOrientations = UIInterfaceOrientationPortrait;
				IPHONEOS_DEPLOYMENT_TARGET = 16.0;
				LD_RUNPATH_SEARCH_PATHS = (
					"$(inherited)",
					"@executable_path/Frameworks",
				);
				MARKETING_VERSION = 1.0;
				PRODUCT_BUNDLE_IDENTIFIER = "com.eunjoo.planting-mind.PlantingMind";
				PRODUCT_NAME = "$(TARGET_NAME)";
				SUPPORTED_PLATFORMS = "iphoneos iphonesimulator";
				SUPPORTS_MACCATALYST = NO;
				SUPPORTS_MAC_DESIGNED_FOR_IPHONE_IPAD = NO;
				SWIFT_EMIT_LOC_STRINGS = YES;
				SWIFT_VERSION = 5.0;
				TARGETED_DEVICE_FAMILY = 1;
			};
			name = Release;
		};
		7B11F84C2B4549E000346A41 /* Debug */ = {
			isa = XCBuildConfiguration;
			buildSettings = {
				ALWAYS_EMBED_SWIFT_STANDARD_LIBRARIES = YES;
				BUNDLE_LOADER = "$(TEST_HOST)";
				CODE_SIGN_STYLE = Automatic;
				CURRENT_PROJECT_VERSION = 1;
				DEVELOPMENT_TEAM = PS5XYD2TU9;
				GENERATE_INFOPLIST_FILE = YES;
				IPHONEOS_DEPLOYMENT_TARGET = 16.0;
				MARKETING_VERSION = 1.0;
				PRODUCT_BUNDLE_IDENTIFIER = "com.eunjoo.planting-mind.PlantingMindTests";
				PRODUCT_NAME = "$(TARGET_NAME)";
				SUPPORTED_PLATFORMS = "iphoneos iphonesimulator";
				SUPPORTS_MACCATALYST = NO;
				SUPPORTS_MAC_DESIGNED_FOR_IPHONE_IPAD = NO;
				SWIFT_EMIT_LOC_STRINGS = NO;
				SWIFT_VERSION = 5.0;
				TARGETED_DEVICE_FAMILY = 1;
				TEST_HOST = "$(BUILT_PRODUCTS_DIR)/PlantingMind.app/$(BUNDLE_EXECUTABLE_FOLDER_PATH)/PlantingMind";
			};
			name = Debug;
		};
		7B11F84D2B4549E000346A41 /* Release */ = {
			isa = XCBuildConfiguration;
			buildSettings = {
				ALWAYS_EMBED_SWIFT_STANDARD_LIBRARIES = YES;
				BUNDLE_LOADER = "$(TEST_HOST)";
				CODE_SIGN_STYLE = Automatic;
				CURRENT_PROJECT_VERSION = 1;
				DEVELOPMENT_TEAM = PS5XYD2TU9;
				GENERATE_INFOPLIST_FILE = YES;
				IPHONEOS_DEPLOYMENT_TARGET = 16.0;
				MARKETING_VERSION = 1.0;
				PRODUCT_BUNDLE_IDENTIFIER = "com.eunjoo.planting-mind.PlantingMindTests";
				PRODUCT_NAME = "$(TARGET_NAME)";
				SUPPORTED_PLATFORMS = "iphoneos iphonesimulator";
				SUPPORTS_MACCATALYST = NO;
				SUPPORTS_MAC_DESIGNED_FOR_IPHONE_IPAD = NO;
				SWIFT_EMIT_LOC_STRINGS = NO;
				SWIFT_VERSION = 5.0;
				TARGETED_DEVICE_FAMILY = 1;
				TEST_HOST = "$(BUILT_PRODUCTS_DIR)/PlantingMind.app/$(BUNDLE_EXECUTABLE_FOLDER_PATH)/PlantingMind";
			};
			name = Release;
		};
		7B11F84F2B4549E000346A41 /* Debug */ = {
			isa = XCBuildConfiguration;
			buildSettings = {
				ALWAYS_EMBED_SWIFT_STANDARD_LIBRARIES = YES;
				CODE_SIGN_STYLE = Automatic;
				CURRENT_PROJECT_VERSION = 1;
				DEVELOPMENT_TEAM = PS5XYD2TU9;
				GENERATE_INFOPLIST_FILE = YES;
				IPHONEOS_DEPLOYMENT_TARGET = 16.0;
				MARKETING_VERSION = 1.0;
				PRODUCT_BUNDLE_IDENTIFIER = "com.eunjoo.planting-mind.PlantingMindUITests";
				PRODUCT_NAME = "$(TARGET_NAME)";
				SUPPORTED_PLATFORMS = "iphoneos iphonesimulator";
				SUPPORTS_MACCATALYST = NO;
				SUPPORTS_MAC_DESIGNED_FOR_IPHONE_IPAD = NO;
				SWIFT_EMIT_LOC_STRINGS = NO;
				SWIFT_VERSION = 5.0;
				TARGETED_DEVICE_FAMILY = 1;
				TEST_TARGET_NAME = PlantingMind;
			};
			name = Debug;
		};
		7B11F8502B4549E000346A41 /* Release */ = {
			isa = XCBuildConfiguration;
			buildSettings = {
				ALWAYS_EMBED_SWIFT_STANDARD_LIBRARIES = YES;
				CODE_SIGN_STYLE = Automatic;
				CURRENT_PROJECT_VERSION = 1;
				DEVELOPMENT_TEAM = PS5XYD2TU9;
				GENERATE_INFOPLIST_FILE = YES;
				IPHONEOS_DEPLOYMENT_TARGET = 16.0;
				MARKETING_VERSION = 1.0;
				PRODUCT_BUNDLE_IDENTIFIER = "com.eunjoo.planting-mind.PlantingMindUITests";
				PRODUCT_NAME = "$(TARGET_NAME)";
				SUPPORTED_PLATFORMS = "iphoneos iphonesimulator";
				SUPPORTS_MACCATALYST = NO;
				SUPPORTS_MAC_DESIGNED_FOR_IPHONE_IPAD = NO;
				SWIFT_EMIT_LOC_STRINGS = NO;
				SWIFT_VERSION = 5.0;
				TARGETED_DEVICE_FAMILY = 1;
				TEST_TARGET_NAME = PlantingMind;
			};
			name = Release;
		};
		7B63CAAD2BA9CB4700943DED /* Debug */ = {
			isa = XCBuildConfiguration;
			buildSettings = {
				ASSETCATALOG_COMPILER_GLOBAL_ACCENT_COLOR_NAME = AccentColor;
				ASSETCATALOG_COMPILER_WIDGET_BACKGROUND_COLOR_NAME = WidgetBackground;
				CODE_SIGN_ENTITLEMENTS = PlantingWidgetExtension.entitlements;
				CODE_SIGN_STYLE = Automatic;
				CURRENT_PROJECT_VERSION = 1;
				DEVELOPMENT_TEAM = PS5XYD2TU9;
				GENERATE_INFOPLIST_FILE = YES;
				INFOPLIST_FILE = PlantingWidget/Info.plist;
				INFOPLIST_KEY_CFBundleDisplayName = PlantingWidget;
				INFOPLIST_KEY_NSHumanReadableCopyright = "";
				IPHONEOS_DEPLOYMENT_TARGET = 16.0;
				LD_RUNPATH_SEARCH_PATHS = (
					"$(inherited)",
					"@executable_path/Frameworks",
					"@executable_path/../../Frameworks",
				);
				MARKETING_VERSION = 1.0;
				PRODUCT_BUNDLE_IDENTIFIER = "com.eunjoo.planting-mind.PlantingMind.PlantingWidget";
				PRODUCT_NAME = "$(TARGET_NAME)";
				SKIP_INSTALL = YES;
				SUPPORTED_PLATFORMS = "iphoneos iphonesimulator";
				SUPPORTS_MACCATALYST = NO;
				SUPPORTS_MAC_DESIGNED_FOR_IPHONE_IPAD = NO;
				SWIFT_EMIT_LOC_STRINGS = YES;
				SWIFT_VERSION = 5.0;
				TARGETED_DEVICE_FAMILY = 1;
			};
			name = Debug;
		};
		7B63CAAE2BA9CB4700943DED /* Release */ = {
			isa = XCBuildConfiguration;
			buildSettings = {
				ASSETCATALOG_COMPILER_GLOBAL_ACCENT_COLOR_NAME = AccentColor;
				ASSETCATALOG_COMPILER_WIDGET_BACKGROUND_COLOR_NAME = WidgetBackground;
				CODE_SIGN_ENTITLEMENTS = PlantingWidgetExtension.entitlements;
				CODE_SIGN_STYLE = Automatic;
				CURRENT_PROJECT_VERSION = 1;
				DEVELOPMENT_TEAM = PS5XYD2TU9;
				GENERATE_INFOPLIST_FILE = YES;
				INFOPLIST_FILE = PlantingWidget/Info.plist;
				INFOPLIST_KEY_CFBundleDisplayName = PlantingWidget;
				INFOPLIST_KEY_NSHumanReadableCopyright = "";
				IPHONEOS_DEPLOYMENT_TARGET = 16.0;
				LD_RUNPATH_SEARCH_PATHS = (
					"$(inherited)",
					"@executable_path/Frameworks",
					"@executable_path/../../Frameworks",
				);
				MARKETING_VERSION = 1.0;
				PRODUCT_BUNDLE_IDENTIFIER = "com.eunjoo.planting-mind.PlantingMind.PlantingWidget";
				PRODUCT_NAME = "$(TARGET_NAME)";
				SKIP_INSTALL = YES;
				SUPPORTED_PLATFORMS = "iphoneos iphonesimulator";
				SUPPORTS_MACCATALYST = NO;
				SUPPORTS_MAC_DESIGNED_FOR_IPHONE_IPAD = NO;
				SWIFT_EMIT_LOC_STRINGS = YES;
				SWIFT_VERSION = 5.0;
				TARGETED_DEVICE_FAMILY = 1;
			};
			name = Release;
		};
/* End XCBuildConfiguration section */

/* Begin XCConfigurationList section */
		7B11F81F2B4549DF00346A41 /* Build configuration list for PBXProject "PlantingMind" */ = {
			isa = XCConfigurationList;
			buildConfigurations = (
				7B11F8462B4549E000346A41 /* Debug */,
				7B11F8472B4549E000346A41 /* Release */,
			);
			defaultConfigurationIsVisible = 0;
			defaultConfigurationName = Release;
		};
		7B11F8482B4549E000346A41 /* Build configuration list for PBXNativeTarget "PlantingMind" */ = {
			isa = XCConfigurationList;
			buildConfigurations = (
				7B11F8492B4549E000346A41 /* Debug */,
				7B11F84A2B4549E000346A41 /* Release */,
			);
			defaultConfigurationIsVisible = 0;
			defaultConfigurationName = Release;
		};
		7B11F84B2B4549E000346A41 /* Build configuration list for PBXNativeTarget "PlantingMindTests" */ = {
			isa = XCConfigurationList;
			buildConfigurations = (
				7B11F84C2B4549E000346A41 /* Debug */,
				7B11F84D2B4549E000346A41 /* Release */,
			);
			defaultConfigurationIsVisible = 0;
			defaultConfigurationName = Release;
		};
		7B11F84E2B4549E000346A41 /* Build configuration list for PBXNativeTarget "PlantingMindUITests" */ = {
			isa = XCConfigurationList;
			buildConfigurations = (
				7B11F84F2B4549E000346A41 /* Debug */,
				7B11F8502B4549E000346A41 /* Release */,
			);
			defaultConfigurationIsVisible = 0;
			defaultConfigurationName = Release;
		};
		7B63CAAF2BA9CB4700943DED /* Build configuration list for PBXNativeTarget "PlantingWidgetExtension" */ = {
			isa = XCConfigurationList;
			buildConfigurations = (
				7B63CAAD2BA9CB4700943DED /* Debug */,
				7B63CAAE2BA9CB4700943DED /* Release */,
			);
			defaultConfigurationIsVisible = 0;
			defaultConfigurationName = Release;
		};
/* End XCConfigurationList section */

/* Begin XCVersionGroup section */
		7B0A76CC2B904A1200ADC039 /* MoodRecords.xcdatamodeld */ = {
			isa = XCVersionGroup;
			children = (
				7B0A76CD2B904A1200ADC039 /* MoodRecords.xcdatamodel */,
			);
			currentVersion = 7B0A76CD2B904A1200ADC039 /* MoodRecords.xcdatamodel */;
			path = MoodRecords.xcdatamodeld;
			sourceTree = "<group>";
			versionGroupType = wrapper.xcdatamodel;
		};
/* End XCVersionGroup section */
	};
	rootObject = 7B11F81C2B4549DF00346A41 /* Project object */;
}
